
Microsoft Visual Studio Solution File, Format Version 12.00
# Visual Studio 15
VisualStudioVersion = 15.0.26730.16
MinimumVisualStudioVersion = 10.0.40219.1
Project("{8BC9CEB8-8B4A-11D0-8D11-00A0C91BC942}") = "30.10.2017.1", "30.10.2017\30.10.2017.vcxproj", "{A4F57073-50F2-4229-BBBF-D0EC2E76EE50}"
EndProject
Project("{8BC9CEB8-8B4A-11D0-8D11-00A0C91BC942}") = "30.10.2017. 2", "30.10.2017. 2\30.10.2017. 2.vcxproj", "{0074B008-B296-4F62-8729-68DE07AE52AC}"
EndProject
Project("{8BC9CEB8-8B4A-11D0-8D11-00A0C91BC942}") = "30.10.2017.4", "30.10.2017.4\30.10.2017.4.vcxproj", "{6F7CDA3E-636B-4E79-B1F5-F6B54582312C}"
EndProject
Project("{8BC9CEB8-8B4A-11D0-8D11-00A0C91BC942}") = "30.10.2017.5", "30.10.2017.5\30.10.2017.5.vcxproj", "{E8851741-F3DB-47C5-9C53-74F83D624393}"
EndProject
Global
	GlobalSection(SolutionConfigurationPlatforms) = preSolution
		Debug|x64 = Debug|x64
		Debug|x86 = Debug|x86
		Release|x64 = Release|x64
		Release|x86 = Release|x86
	EndGlobalSection
	GlobalSection(ProjectConfigurationPlatforms) = postSolution
		{A4F57073-50F2-4229-BBBF-D0EC2E76EE50}.Debug|x64.ActiveCfg = Debug|x64
		{A4F57073-50F2-4229-BBBF-D0EC2E76EE50}.Debug|x64.Build.0 = Debug|x64
		{A4F57073-50F2-4229-BBBF-D0EC2E76EE50}.Debug|x86.ActiveCfg = Debug|Win32
		{A4F57073-50F2-4229-BBBF-D0EC2E76EE50}.Debug|x86.Build.0 = Debug|Win32
		{A4F57073-50F2-4229-BBBF-D0EC2E76EE50}.Release|x64.ActiveCfg = Release|x64
		{A4F57073-50F2-4229-BBBF-D0EC2E76EE50}.Release|x64.Build.0 = Release|x64
		{A4F57073-50F2-4229-BBBF-D0EC2E76EE50}.Release|x86.ActiveCfg = Release|Win32
		{A4F57073-50F2-4229-BBBF-D0EC2E76EE50}.Release|x86.Build.0 = Release|Win32
		{0074B008-B296-4F62-8729-68DE07AE52AC}.Debug|x64.ActiveCfg = Debug|x64
		{0074B008-B296-4F62-8729-68DE07AE52AC}.Debug|x64.Build.0 = Debug|x64
		{0074B008-B296-4F62-8729-68DE07AE52AC}.Debug|x86.ActiveCfg = Debug|Win32
		{0074B008-B296-4F62-8729-68DE07AE52AC}.Debug|x86.Build.0 = Debug|Win32
		{0074B008-B296-4F62-8729-68DE07AE52AC}.Release|x64.ActiveCfg = Release|x64
		{0074B008-B296-4F62-8729-68DE07AE52AC}.Release|x64.Build.0 = Release|x64
		{0074B008-B296-4F62-8729-68DE07AE52AC}.Release|x86.ActiveCfg = Release|Win32
		{0074B008-B296-4F62-8729-68DE07AE52AC}.Release|x86.Build.0 = Release|Win32
		{6F7CDA3E-636B-4E79-B1F5-F6B54582312C}.Debug|x64.ActiveCfg = Debug|x64
		{6F7CDA3E-636B-4E79-B1F5-F6B54582312C}.Debug|x64.Build.0 = Debug|x64
		{6F7CDA3E-636B-4E79-B1F5-F6B54582312C}.Debug|x86.ActiveCfg = Debug|Win32
		{6F7CDA3E-636B-4E79-B1F5-F6B54582312C}.Debug|x86.Build.0 = Debug|Win32
		{6F7CDA3E-636B-4E79-B1F5-F6B54582312C}.Release|x64.ActiveCfg = Release|x64
		{6F7CDA3E-636B-4E79-B1F5-F6B54582312C}.Release|x64.Build.0 = Release|x64
		{6F7CDA3E-636B-4E79-B1F5-F6B54582312C}.Release|x86.ActiveCfg = Release|Win32
		{6F7CDA3E-636B-4E79-B1F5-F6B54582312C}.Release|x86.Build.0 = Release|Win32
		{E8851741-F3DB-47C5-9C53-74F83D624393}.Debug|x64.ActiveCfg = Debug|x64
		{E8851741-F3DB-47C5-9C53-74F83D624393}.Debug|x64.Build.0 = Debug|x64
		{E8851741-F3DB-47C5-9C53-74F83D624393}.Debug|x86.ActiveCfg = Debug|Win32
		{E8851741-F3DB-47C5-9C53-74F83D624393}.Debug|x86.Build.0 = Debug|Win32
		{E8851741-F3DB-47C5-9C53-74F83D624393}.Release|x64.ActiveCfg = Release|x64
		{E8851741-F3DB-47C5-9C53-74F83D624393}.Release|x64.Build.0 = Release|x64
		{E8851741-F3DB-47C5-9C53-74F83D624393}.Release|x86.ActiveCfg = Release|Win32
		{E8851741-F3DB-47C5-9C53-74F83D624393}.Release|x86.Build.0 = Release|Win32
	EndGlobalSection
	GlobalSection(SolutionProperties) = preSolution
		HideSolutionNode = FALSE
	EndGlobalSection
	GlobalSection(ExtensibilityGlobals) = postSolution
		SolutionGuid = {6FFCFCFD-72DD-4C95-A5AA-BDB6166F6A58}
	EndGlobalSection
EndGlobal
