
Microsoft Visual Studio Solution File, Format Version 12.00
# Visual Studio 15
VisualStudioVersion = 15.0.26730.16
MinimumVisualStudioVersion = 10.0.40219.1
Project("{8BC9CEB8-8B4A-11D0-8D11-00A0C91BC942}") = "27.09.2017 a)", "27.09.2017\27.09.2017.vcxproj", "{D3E24CF0-7E52-42E9-8F00-D852378FF268}"
EndProject
Project("{8BC9CEB8-8B4A-11D0-8D11-00A0C91BC942}") = "27.09.2017 б)", "27.09.2017 б)\27.09.2017 б).vcxproj", "{9F8EBD3D-7D11-4474-982B-C00F53F51FC3}"
EndProject
Project("{8BC9CEB8-8B4A-11D0-8D11-00A0C91BC942}") = "27.09.2017 в)", "27.09.2017 в)\27.09.2017 в).vcxproj", "{BD935CAA-1C71-47BF-9140-2778E7CF070C}"
EndProject
Project("{8BC9CEB8-8B4A-11D0-8D11-00A0C91BC942}") = "27.09.2017 г)", "27.09.2017 г)\27.09.2017 г).vcxproj", "{4CC9A621-2B5E-4739-8424-83B82B13BDF6}"
EndProject
Project("{8BC9CEB8-8B4A-11D0-8D11-00A0C91BC942}") = "27.09.2017 д)", "27.09.2017 д)\27.09.2017 д).vcxproj", "{53DB441D-1FBC-4C51-AE24-9037C01D37E1}"
EndProject
Project("{8BC9CEB8-8B4A-11D0-8D11-00A0C91BC942}") = "27.09.2017 е)", "27.09.2017 е)\27.09.2017 е).vcxproj", "{9CC91D4C-F9B0-4238-A8F7-2FF164746382}"
EndProject
Project("{8BC9CEB8-8B4A-11D0-8D11-00A0C91BC942}") = "27.09.2017 з)", "27.09.2017 з)\27.09.2017 з).vcxproj", "{2ECBEA10-80A1-4AD7-9D7E-8B031982E9F2}"
EndProject
Project("{8BC9CEB8-8B4A-11D0-8D11-00A0C91BC942}") = "27.09.2017 и)", "27.09.2017 и)\27.09.2017 и).vcxproj", "{52D5C773-0AFA-4982-8D05-F21BCF8A06AD}"
EndProject
Global
	GlobalSection(SolutionConfigurationPlatforms) = preSolution
		Debug|x64 = Debug|x64
		Debug|x86 = Debug|x86
		Release|x64 = Release|x64
		Release|x86 = Release|x86
	EndGlobalSection
	GlobalSection(ProjectConfigurationPlatforms) = postSolution
		{D3E24CF0-7E52-42E9-8F00-D852378FF268}.Debug|x64.ActiveCfg = Debug|x64
		{D3E24CF0-7E52-42E9-8F00-D852378FF268}.Debug|x64.Build.0 = Debug|x64
		{D3E24CF0-7E52-42E9-8F00-D852378FF268}.Debug|x86.ActiveCfg = Debug|Win32
		{D3E24CF0-7E52-42E9-8F00-D852378FF268}.Debug|x86.Build.0 = Debug|Win32
		{D3E24CF0-7E52-42E9-8F00-D852378FF268}.Release|x64.ActiveCfg = Release|x64
		{D3E24CF0-7E52-42E9-8F00-D852378FF268}.Release|x64.Build.0 = Release|x64
		{D3E24CF0-7E52-42E9-8F00-D852378FF268}.Release|x86.ActiveCfg = Release|Win32
		{D3E24CF0-7E52-42E9-8F00-D852378FF268}.Release|x86.Build.0 = Release|Win32
		{9F8EBD3D-7D11-4474-982B-C00F53F51FC3}.Debug|x64.ActiveCfg = Debug|x64
		{9F8EBD3D-7D11-4474-982B-C00F53F51FC3}.Debug|x64.Build.0 = Debug|x64
		{9F8EBD3D-7D11-4474-982B-C00F53F51FC3}.Debug|x86.ActiveCfg = Debug|Win32
		{9F8EBD3D-7D11-4474-982B-C00F53F51FC3}.Debug|x86.Build.0 = Debug|Win32
		{9F8EBD3D-7D11-4474-982B-C00F53F51FC3}.Release|x64.ActiveCfg = Release|x64
		{9F8EBD3D-7D11-4474-982B-C00F53F51FC3}.Release|x64.Build.0 = Release|x64
		{9F8EBD3D-7D11-4474-982B-C00F53F51FC3}.Release|x86.ActiveCfg = Release|Win32
		{9F8EBD3D-7D11-4474-982B-C00F53F51FC3}.Release|x86.Build.0 = Release|Win32
		{BD935CAA-1C71-47BF-9140-2778E7CF070C}.Debug|x64.ActiveCfg = Debug|x64
		{BD935CAA-1C71-47BF-9140-2778E7CF070C}.Debug|x64.Build.0 = Debug|x64
		{BD935CAA-1C71-47BF-9140-2778E7CF070C}.Debug|x86.ActiveCfg = Debug|Win32
		{BD935CAA-1C71-47BF-9140-2778E7CF070C}.Debug|x86.Build.0 = Debug|Win32
		{BD935CAA-1C71-47BF-9140-2778E7CF070C}.Release|x64.ActiveCfg = Release|x64
		{BD935CAA-1C71-47BF-9140-2778E7CF070C}.Release|x64.Build.0 = Release|x64
		{BD935CAA-1C71-47BF-9140-2778E7CF070C}.Release|x86.ActiveCfg = Release|Win32
		{BD935CAA-1C71-47BF-9140-2778E7CF070C}.Release|x86.Build.0 = Release|Win32
		{4CC9A621-2B5E-4739-8424-83B82B13BDF6}.Debug|x64.ActiveCfg = Debug|x64
		{4CC9A621-2B5E-4739-8424-83B82B13BDF6}.Debug|x64.Build.0 = Debug|x64
		{4CC9A621-2B5E-4739-8424-83B82B13BDF6}.Debug|x86.ActiveCfg = Debug|Win32
		{4CC9A621-2B5E-4739-8424-83B82B13BDF6}.Debug|x86.Build.0 = Debug|Win32
		{4CC9A621-2B5E-4739-8424-83B82B13BDF6}.Release|x64.ActiveCfg = Release|x64
		{4CC9A621-2B5E-4739-8424-83B82B13BDF6}.Release|x64.Build.0 = Release|x64
		{4CC9A621-2B5E-4739-8424-83B82B13BDF6}.Release|x86.ActiveCfg = Release|Win32
		{4CC9A621-2B5E-4739-8424-83B82B13BDF6}.Release|x86.Build.0 = Release|Win32
		{53DB441D-1FBC-4C51-AE24-9037C01D37E1}.Debug|x64.ActiveCfg = Debug|x64
		{53DB441D-1FBC-4C51-AE24-9037C01D37E1}.Debug|x64.Build.0 = Debug|x64
		{53DB441D-1FBC-4C51-AE24-9037C01D37E1}.Debug|x86.ActiveCfg = Debug|Win32
		{53DB441D-1FBC-4C51-AE24-9037C01D37E1}.Debug|x86.Build.0 = Debug|Win32
		{53DB441D-1FBC-4C51-AE24-9037C01D37E1}.Release|x64.ActiveCfg = Release|x64
		{53DB441D-1FBC-4C51-AE24-9037C01D37E1}.Release|x64.Build.0 = Release|x64
		{53DB441D-1FBC-4C51-AE24-9037C01D37E1}.Release|x86.ActiveCfg = Release|Win32
		{53DB441D-1FBC-4C51-AE24-9037C01D37E1}.Release|x86.Build.0 = Release|Win32
		{9CC91D4C-F9B0-4238-A8F7-2FF164746382}.Debug|x64.ActiveCfg = Debug|x64
		{9CC91D4C-F9B0-4238-A8F7-2FF164746382}.Debug|x64.Build.0 = Debug|x64
		{9CC91D4C-F9B0-4238-A8F7-2FF164746382}.Debug|x86.ActiveCfg = Debug|Win32
		{9CC91D4C-F9B0-4238-A8F7-2FF164746382}.Debug|x86.Build.0 = Debug|Win32
		{9CC91D4C-F9B0-4238-A8F7-2FF164746382}.Release|x64.ActiveCfg = Release|x64
		{9CC91D4C-F9B0-4238-A8F7-2FF164746382}.Release|x64.Build.0 = Release|x64
		{9CC91D4C-F9B0-4238-A8F7-2FF164746382}.Release|x86.ActiveCfg = Release|Win32
		{9CC91D4C-F9B0-4238-A8F7-2FF164746382}.Release|x86.Build.0 = Release|Win32
		{2ECBEA10-80A1-4AD7-9D7E-8B031982E9F2}.Debug|x64.ActiveCfg = Debug|x64
		{2ECBEA10-80A1-4AD7-9D7E-8B031982E9F2}.Debug|x64.Build.0 = Debug|x64
		{2ECBEA10-80A1-4AD7-9D7E-8B031982E9F2}.Debug|x86.ActiveCfg = Debug|Win32
		{2ECBEA10-80A1-4AD7-9D7E-8B031982E9F2}.Debug|x86.Build.0 = Debug|Win32
		{2ECBEA10-80A1-4AD7-9D7E-8B031982E9F2}.Release|x64.ActiveCfg = Release|x64
		{2ECBEA10-80A1-4AD7-9D7E-8B031982E9F2}.Release|x64.Build.0 = Release|x64
		{2ECBEA10-80A1-4AD7-9D7E-8B031982E9F2}.Release|x86.ActiveCfg = Release|Win32
		{2ECBEA10-80A1-4AD7-9D7E-8B031982E9F2}.Release|x86.Build.0 = Release|Win32
		{52D5C773-0AFA-4982-8D05-F21BCF8A06AD}.Debug|x64.ActiveCfg = Debug|x64
		{52D5C773-0AFA-4982-8D05-F21BCF8A06AD}.Debug|x64.Build.0 = Debug|x64
		{52D5C773-0AFA-4982-8D05-F21BCF8A06AD}.Debug|x86.ActiveCfg = Debug|Win32
		{52D5C773-0AFA-4982-8D05-F21BCF8A06AD}.Debug|x86.Build.0 = Debug|Win32
		{52D5C773-0AFA-4982-8D05-F21BCF8A06AD}.Release|x64.ActiveCfg = Release|x64
		{52D5C773-0AFA-4982-8D05-F21BCF8A06AD}.Release|x64.Build.0 = Release|x64
		{52D5C773-0AFA-4982-8D05-F21BCF8A06AD}.Release|x86.ActiveCfg = Release|Win32
		{52D5C773-0AFA-4982-8D05-F21BCF8A06AD}.Release|x86.Build.0 = Release|Win32
	EndGlobalSection
	GlobalSection(SolutionProperties) = preSolution
		HideSolutionNode = FALSE
	EndGlobalSection
	GlobalSection(ExtensibilityGlobals) = postSolution
		SolutionGuid = {535D010B-64A8-444B-B020-C76B7902C7E8}
	EndGlobalSection
EndGlobal
